
Microsoft Visual Studio Solution File, Format Version 12.00
# Visual Studio Version 17
VisualStudioVersion = 17.7.34031.279
MinimumVisualStudioVersion = 10.0.40219.1
Project("{FAE04EC0-301F-11D3-BF4B-00C04F79EFBC}") = "pantalla08", "pantalla08.csproj", "{4E3D29A5-13A3-4086-9632-AF31C44DBF49}"
EndProject
Global
	GlobalSection(SolutionConfigurationPlatforms) = preSolution
		Debug|Any CPU = Debug|Any CPU
		Release|Any CPU = Release|Any CPU
	EndGlobalSection
	GlobalSection(ProjectConfigurationPlatforms) = postSolution
		{4E3D29A5-13A3-4086-9632-AF31C44DBF49}.Debug|Any CPU.ActiveCfg = Debug|Any CPU
		{4E3D29A5-13A3-4086-9632-AF31C44DBF49}.Debug|Any CPU.Build.0 = Debug|Any CPU
		{4E3D29A5-13A3-4086-9632-AF31C44DBF49}.Release|Any CPU.ActiveCfg = Release|Any CPU
		{4E3D29A5-13A3-4086-9632-AF31C44DBF49}.Release|Any CPU.Build.0 = Release|Any CPU
	EndGlobalSection
	GlobalSection(SolutionProperties) = preSolution
		HideSolutionNode = FALSE
	EndGlobalSection
	GlobalSection(ExtensibilityGlobals) = postSolution
		SolutionGuid = {C8AA6786-C45D-4267-A32E-D72F2F110EC1}
	EndGlobalSection
EndGlobal
